
Microsoft Visual Studio Solution File, Format Version 12.00
# Visual Studio Version 17
VisualStudioVersion = 17.13.35825.156 d17.13
MinimumVisualStudioVersion = 10.0.40219.1
Project("{FAE04EC0-301F-11D3-BF4B-00C04F79EFBC}") = "OilStationProject", "OilStationProject\OilStationProject.csproj", "{328903CE-8AA6-4BF1-B364-E98A67944B21}"
EndProject
Global
	GlobalSection(SolutionConfigurationPlatforms) = preSolution
		Debug|Any CPU = Debug|Any CPU
		Release|Any CPU = Release|Any CPU
	EndGlobalSection
	GlobalSection(ProjectConfigurationPlatforms) = postSolution
		{328903CE-8AA6-4BF1-B364-E98A67944B21}.Debug|Any CPU.ActiveCfg = Debug|Any CPU
		{328903CE-8AA6-4BF1-B364-E98A67944B21}.Debug|Any CPU.Build.0 = Debug|Any CPU
		{328903CE-8AA6-4BF1-B364-E98A67944B21}.Release|Any CPU.ActiveCfg = Release|Any CPU
		{328903CE-8AA6-4BF1-B364-E98A67944B21}.Release|Any CPU.Build.0 = Release|Any CPU
	EndGlobalSection
	GlobalSection(SolutionProperties) = preSolution
		HideSolutionNode = FALSE
	EndGlobalSection
	GlobalSection(ExtensibilityGlobals) = postSolution
		SolutionGuid = {EF6B91DD-D410-43CC-BDF4-2615DF238587}
	EndGlobalSection
EndGlobal
